
Microsoft Visual Studio Solution File, Format Version 12.00
# Visual Studio Version 17
VisualStudioVersion = 17.10.35013.160
MinimumVisualStudioVersion = 10.0.40219.1
Project("{FAE04EC0-301F-11D3-BF4B-00C04F79EFBC}") = "FibonacciSeriesProject", "FibonacciSeriesProject.csproj", "{9F7D4A10-153C-4A42-9394-CD7A4B75972F}"
EndProject
Global
	GlobalSection(SolutionConfigurationPlatforms) = preSolution
		Debug|Any CPU = Debug|Any CPU
		Release|Any CPU = Release|Any CPU
	EndGlobalSection
	GlobalSection(ProjectConfigurationPlatforms) = postSolution
		{9F7D4A10-153C-4A42-9394-CD7A4B75972F}.Debug|Any CPU.ActiveCfg = Debug|Any CPU
		{9F7D4A10-153C-4A42-9394-CD7A4B75972F}.Debug|Any CPU.Build.0 = Debug|Any CPU
		{9F7D4A10-153C-4A42-9394-CD7A4B75972F}.Release|Any CPU.ActiveCfg = Release|Any CPU
		{9F7D4A10-153C-4A42-9394-CD7A4B75972F}.Release|Any CPU.Build.0 = Release|Any CPU
	EndGlobalSection
	GlobalSection(SolutionProperties) = preSolution
		HideSolutionNode = FALSE
	EndGlobalSection
	GlobalSection(ExtensibilityGlobals) = postSolution
		SolutionGuid = {7DC49C58-4332-420A-84A8-449A416532B4}
	EndGlobalSection
EndGlobal
